// !$*UTF8*$!
{
	archiveVersion = 1;
	classes = {
	};
	objectVersion = 46;
	objects = {

/* Begin PBXBuildFile section */
		CB7523491B157B7900AA670D /* main.m in Sources */ = {isa = PBXBuildFile; fileRef = CB7523481B157B7900AA670D /* main.m */; };
		CB75234C1B157B7900AA670D /* AppDelegate.m in Sources */ = {isa = PBXBuildFile; fileRef = CB75234B1B157B7900AA670D /* AppDelegate.m */; };
		CB75234F1B157B7900AA670D /* ViewController.m in Sources */ = {isa = PBXBuildFile; fileRef = CB75234E1B157B7900AA670D /* ViewController.m */; };
		CB7523521B157B7900AA670D /* Main.storyboard in Resources */ = {isa = PBXBuildFile; fileRef = CB7523501B157B7900AA670D /* Main.storyboard */; };
		CB7523541B157B7900AA670D /* Images.xcassets in Resources */ = {isa = PBXBuildFile; fileRef = CB7523531B157B7900AA670D /* Images.xcassets */; };
		CB7523571B157B7900AA670D /* LaunchScreen.xib in Resources */ = {isa = PBXBuildFile; fileRef = CB7523551B157B7900AA670D /* LaunchScreen.xib */; };
		CB7523631B157B7900AA670D /* LeanCloud_DemoTests.m in Sources */ = {isa = PBXBuildFile; fileRef = CB7523621B157B7900AA670D /* LeanCloud_DemoTests.m */; };
/* End PBXBuildFile section */

/* Begin PBXContainerItemProxy section */
		CB75235D1B157B7900AA670D /* PBXContainerItemProxy */ = {
			isa = PBXContainerItemProxy;
			containerPortal = CB75233B1B157B7900AA670D /* Project object */;
			proxyType = 1;
			remoteGlobalIDString = CB7523421B157B7900AA670D;
			remoteInfo = LeanCloud_Demo;
		};
/* End PBXContainerItemProxy section */

/* Begin PBXFileReference section */
		CB7523431B157B7900AA670D /* LeanCloud_Demo.app */ = {isa = PBXFileReference; explicitFileType = wrapper.application; includeInIndex = 0; path = LeanCloud_Demo.app; sourceTree = BUILT_PRODUCTS_DIR; };
		CB7523471B157B7900AA670D /* Info.plist */ = {isa = PBXFileReference; lastKnownFileType = text.plist.xml; path = Info.plist; sourceTree = "<group>"; };
		CB7523481B157B7900AA670D /* main.m */ = {isa = PBXFileReference; lastKnownFileType = sourcecode.c.objc; path = main.m; sourceTree = "<group>"; };
		CB75234A1B157B7900AA670D /* AppDelegate.h */ = {isa = PBXFileReference; lastKnownFileType = sourcecode.c.h; path = AppDelegate.h; sourceTree = "<group>"; };
		CB75234B1B157B7900AA670D /* AppDelegate.m */ = {isa = PBXFileReference; lastKnownFileType = sourcecode.c.objc; path = AppDelegate.m; sourceTree = "<group>"; };
		CB75234D1B157B7900AA670D /* ViewController.h */ = {isa = PBXFileReference; lastKnownFileType = sourcecode.c.h; path = ViewController.h; sourceTree = "<group>"; };
		CB75234E1B157B7900AA670D /* ViewController.m */ = {isa = PBXFileReference; lastKnownFileType = sourcecode.c.objc; path = ViewController.m; sourceTree = "<group>"; };
		CB7523511B157B7900AA670D /* Base */ = {isa = PBXFileReference; lastKnownFileType = file.storyboard; name = Base; path = Base.lproj/Main.storyboard; sourceTree = "<group>"; };
		CB7523531B157B7900AA670D /* Images.xcassets */ = {isa = PBXFileReference; lastKnownFileType = folder.assetcatalog; path = Images.xcassets; sourceTree = "<group>"; };
		CB7523561B157B7900AA670D /* Base */ = {isa = PBXFileReference; lastKnownFileType = file.xib; name = Base; path = Base.lproj/LaunchScreen.xib; sourceTree = "<group>"; };
		CB75235C1B157B7900AA670D /* LeanCloud_DemoTests.xctest */ = {isa = PBXFileReference; explicitFileType = wrapper.cfbundle; includeInIndex = 0; path = LeanCloud_DemoTests.xctest; sourceTree = BUILT_PRODUCTS_DIR; };
		CB7523611B157B7900AA670D /* Info.plist */ = {isa = PBXFileReference; lastKnownFileType = text.plist.xml; path = Info.plist; sourceTree = "<group>"; };
		CB7523621B157B7900AA670D /* LeanCloud_DemoTests.m */ = {isa = PBXFileReference; lastKnownFileType = sourcecode.c.objc; path = LeanCloud_DemoTests.m; sourceTree = "<group>"; };
/* End PBXFileReference section */

/* Begin PBXFrameworksBuildPhase section */
		CB7523401B157B7900AA670D /* Frameworks */ = {
			isa = PBXFrameworksBuildPhase;
			buildActionMask = 2147483647;
			files = (
			);
			runOnlyForDeploymentPostprocessing = 0;
		};
		CB7523591B157B7900AA670D /* Frameworks */ = {
			isa = PBXFrameworksBuildPhase;
			buildActionMask = 2147483647;
			files = (
			);
			runOnlyForDeploymentPostprocessing = 0;
		};
/* End PBXFrameworksBuildPhase section */

/* Begin PBXGroup section */
		CB75233A1B157B7900AA670D = {
			isa = PBXGroup;
			children = (
				CB7523451B157B7900AA670D /* LeanCloud_Demo */,
				CB75235F1B157B7900AA670D /* LeanCloud_DemoTests */,
				CB7523441B157B7900AA670D /* Products */,
			);
			sourceTree = "<group>";
		};
		CB7523441B157B7900AA670D /* Products */ = {
			isa = PBXGroup;
			children = (
				CB7523431B157B7900AA670D /* LeanCloud_Demo.app */,
				CB75235C1B157B7900AA670D /* LeanCloud_DemoTests.xctest */,
			);
			name = Products;
			sourceTree = "<group>";
		};
		CB7523451B157B7900AA670D /* LeanCloud_Demo */ = {
			isa = PBXGroup;
			children = (
				CB75234A1B157B7900AA670D /* AppDelegate.h */,
				CB75234B1B157B7900AA670D /* AppDelegate.m */,
				CB75234D1B157B7900AA670D /* ViewController.h */,
				CB75234E1B157B7900AA670D /* ViewController.m */,
				CB7523501B157B7900AA670D /* Main.storyboard */,
				CB7523531B157B7900AA670D /* Images.xcassets */,
				CB7523551B157B7900AA670D /* LaunchScreen.xib */,
				CB7523461B157B7900AA670D /* Supporting Files */,
			);
			path = LeanCloud_Demo;
			sourceTree = "<group>";
		};
		CB7523461B157B7900AA670D /* Supporting Files */ = {
			isa = PBXGroup;
			children = (
				CB7523471B157B7900AA670D /* Info.plist */,
				CB7523481B157B7900AA670D /* main.m */,
			);
			name = "Supporting Files";
			sourceTree = "<group>";
		};
		CB75235F1B157B7900AA670D /* LeanCloud_DemoTests */ = {
			isa = PBXGroup;
			children = (
				CB7523621B157B7900AA670D /* LeanCloud_DemoTests.m */,
				CB7523601B157B7900AA670D /* Supporting Files */,
			);
			path = LeanCloud_DemoTests;
			sourceTree = "<group>";
		};
		CB7523601B157B7900AA670D /* Supporting Files */ = {
			isa = PBXGroup;
			children = (
				CB7523611B157B7900AA670D /* Info.plist */,
			);
			name = "Supporting Files";
			sourceTree = "<group>";
		};
/* End PBXGroup section */

/* Begin PBXNativeTarget section */
		CB7523421B157B7900AA670D /* LeanCloud_Demo */ = {
			isa = PBXNativeTarget;
			buildConfigurationList = CB7523661B157B7900AA670D /* Build configuration list for PBXNativeTarget "LeanCloud_Demo" */;
			buildPhases = (
				CB75233F1B157B7900AA670D /* Sources */,
				CB7523401B157B7900AA670D /* Frameworks */,
				CB7523411B157B7900AA670D /* Resources */,
			);
			buildRules = (
			);
			dependencies = (
			);
			name = LeanCloud_Demo;
			productName = LeanCloud_Demo;
			productReference = CB7523431B157B7900AA670D /* LeanCloud_Demo.app */;
			productType = "com.apple.product-type.application";
		};
		CB75235B1B157B7900AA670D /* LeanCloud_DemoTests */ = {
			isa = PBXNativeTarget;
			buildConfigurationList = CB7523691B157B7900AA670D /* Build configuration list for PBXNativeTarget "LeanCloud_DemoTests" */;
			buildPhases = (
				CB7523581B157B7900AA670D /* Sources */,
				CB7523591B157B7900AA670D /* Frameworks */,
				CB75235A1B157B7900AA670D /* Resources */,
			);
			buildRules = (
			);
			dependencies = (
				CB75235E1B157B7900AA670D /* PBXTargetDependency */,
			);
			name = LeanCloud_DemoTests;
			productName = LeanCloud_DemoTests;
			productReference = CB75235C1B157B7900AA670D /* LeanCloud_DemoTests.xctest */;
			productType = "com.apple.product-type.bundle.unit-test";
		};
/* End PBXNativeTarget section */

/* Begin PBXProject section */
		CB75233B1B157B7900AA670D /* Project object */ = {
			isa = PBXProject;
			attributes = {
				LastUpgradeCheck = 0630;
				ORGANIZATIONNAME = "王卓";
				TargetAttributes = {
					CB7523421B157B7900AA670D = {
						CreatedOnToolsVersion = 6.3.2;
					};
					CB75235B1B157B7900AA670D = {
						CreatedOnToolsVersion = 6.3.2;
						TestTargetID = CB7523421B157B7900AA670D;
					};
				};
			};
			buildConfigurationList = CB75233E1B157B7900AA670D /* Build configuration list for PBXProject "LeanCloud_Demo" */;
			compatibilityVersion = "Xcode 3.2";
			developmentRegion = English;
			hasScannedForEncodings = 0;
			knownRegions = (
				en,
				Base,
			);
			mainGroup = CB75233A1B157B7900AA670D;
			productRefGroup = CB7523441B157B7900AA670D /* Products */;
			projectDirPath = "";
			projectRoot = "";
			targets = (
				CB7523421B157B7900AA670D /* LeanCloud_Demo */,
				CB75235B1B157B7900AA670D /* LeanCloud_DemoTests */,
			);
		};
/* End PBXProject section */

/* Begin PBXResourcesBuildPhase section */
		CB7523411B157B7900AA670D /* Resources */ = {
			isa = PBXResourcesBuildPhase;
			buildActionMask = 2147483647;
			files = (
				CB7523521B157B7900AA670D /* Main.storyboard in Resources */,
				CB7523571B157B7900AA670D /* LaunchScreen.xib in Resources */,
				CB7523541B157B7900AA670D /* Images.xcassets in Resources */,
			);
			runOnlyForDeploymentPostprocessing = 0;
		};
		CB75235A1B157B7900AA670D /* Resources */ = {
			isa = PBXResourcesBuildPhase;
			buildActionMask = 2147483647;
			files = (
			);
			runOnlyForDeploymentPostprocessing = 0;
		};
/* End PBXResourcesBuildPhase section */

/* Begin PBXSourcesBuildPhase section */
		CB75233F1B157B7900AA670D /* Sources */ = {
			isa = PBXSourcesBuildPhase;
			buildActionMask = 2147483647;
			files = (
				CB75234F1B157B7900AA670D /* ViewController.m in Sources */,
				CB75234C1B157B7900AA670D /* AppDelegate.m in Sources */,
				CB7523491B157B7900AA670D /* main.m in Sources */,
			);
			runOnlyForDeploymentPostprocessing = 0;
		};
		CB7523581B157B7900AA670D /* Sources */ = {
			isa = PBXSourcesBuildPhase;
			buildActionMask = 2147483647;
			files = (
				CB7523631B157B7900AA670D /* LeanCloud_DemoTests.m in Sources */,
			);
			runOnlyForDeploymentPostprocessing = 0;
		};
/* End PBXSourcesBuildPhase section */

/* Begin PBXTargetDependency section */
		CB75235E1B157B7900AA670D /* PBXTargetDependency */ = {
			isa = PBXTargetDependency;
			target = CB7523421B157B7900AA670D /* LeanCloud_Demo */;
			targetProxy = CB75235D1B157B7900AA670D /* PBXContainerItemProxy */;
		};
/* End PBXTargetDependency section */

/* Begin PBXVariantGroup section */
		CB7523501B157B7900AA670D /* Main.storyboard */ = {
			isa = PBXVariantGroup;
			children = (
				CB7523511B157B7900AA670D /* Base */,
			);
			name = Main.storyboard;
			sourceTree = "<group>";
		};
		CB7523551B157B7900AA670D /* LaunchScreen.xib */ = {
			isa = PBXVariantGroup;
			children = (
				CB7523561B157B7900AA670D /* Base */,
			);
			name = LaunchScreen.xib;
			sourceTree = "<group>";
		};
/* End PBXVariantGroup section */

/* Begin XCBuildConfiguration section */
		CB7523641B157B7900AA670D /* Debug */ = {
			isa = XCBuildConfiguration;
			buildSettings = {
				ALWAYS_SEARCH_USER_PATHS = NO;
				CLANG_CXX_LANGUAGE_STANDARD = "gnu++0x";
				CLANG_CXX_LIBRARY = "libc++";
				CLANG_ENABLE_MODULES = YES;
				CLANG_ENABLE_OBJC_ARC = YES;
				CLANG_WARN_BOOL_CONVERSION = YES;
				CLANG_WARN_CONSTANT_CONVERSION = YES;
				CLANG_WARN_DIRECT_OBJC_ISA_USAGE = YES_ERROR;
				CLANG_WARN_EMPTY_BODY = YES;
				CLANG_WARN_ENUM_CONVERSION = YES;
				CLANG_WARN_INT_CONVERSION = YES;
				CLANG_WARN_OBJC_ROOT_CLASS = YES_ERROR;
				CLANG_WARN_UNREACHABLE_CODE = YES;
				CLANG_WARN__DUPLICATE_METHOD_MATCH = YES;
				"CODE_SIGN_IDENTITY[sdk=iphoneos*]" = "iPhone Developer";
				COPY_PHASE_STRIP = NO;
				DEBUG_INFORMATION_FORMAT = "dwarf-with-dsym";
				ENABLE_STRICT_OBJC_MSGSEND = YES;
				GCC_C_LANGUAGE_STANDARD = gnu99;
				GCC_DYNAMIC_NO_PIC = NO;
				GCC_NO_COMMON_BLOCKS = YES;
				GCC_OPTIMIZATION_LEVEL = 0;
				GCC_PREPROCESSOR_DEFINITIONS = (
					"DEBUG=1",
					"$(inherited)",
				);
				GCC_SYMBOLS_PRIVATE_EXTERN = NO;
				GCC_WARN_64_TO_32_BIT_CONVERSION = YES;
				GCC_WARN_ABOUT_RETURN_TYPE = YES_ERROR;
				GCC_WARN_UNDECLARED_SELECTOR = YES;
				GCC_WARN_UNINITIALIZED_AUTOS = YES_AGGRESSIVE;
				GCC_WARN_UNUSED_FUNCTION = YES;
				GCC_WARN_UNUSED_VARIABLE = YES;
				IPHONEOS_DEPLOYMENT_TARGET = 8.3;
				MTL_ENABLE_DEBUG_INFO = YES;
				ONLY_ACTIVE_ARCH = YES;
				SDKROOT = iphoneos;
			};
			name = Debug;
		};
		CB7523651B157B7900AA670D /* Release */ = {
			isa = XCBuildConfiguration;
			buildSettings = {
				ALWAYS_SEARCH_USER_PATHS = NO;
				CLANG_CXX_LANGUAGE_STANDARD = "gnu++0x";
				CLANG_CXX_LIBRARY = "libc++";
				CLANG_ENABLE_MODULES = YES;
				CLANG_ENABLE_OBJC_ARC = YES;
				CLANG_WARN_BOOL_CONVERSION = YES;
				CLANG_WARN_CONSTANT_CONVERSION = YES;
				CLANG_WARN_DIRECT_OBJC_ISA_USAGE = YES_ERROR;
				CLANG_WARN_EMPTY_BODY = YES;
				CLANG_WARN_ENUM_CONVERSION = YES;
				CLANG_WARN_INT_CONVERSION = YES;
				CLANG_WARN_OBJC_ROOT_CLASS = YES_ERROR;
				CLANG_WARN_UNREACHABLE_CODE = YES;
				CLANG_WARN__DUPLICATE_METHOD_MATCH = YES;
				"CODE_SIGN_IDENTITY[sdk=iphoneos*]" = "iPhone Developer";
				COPY_PHASE_STRIP = NO;
				DEBUG_INFORMATION_FORMAT = "dwarf-with-dsym";
				ENABLE_NS_ASSERTIONS = NO;
				ENABLE_STRICT_OBJC_MSGSEND = YES;
				GCC_C_LANGUAGE_STANDARD = gnu99;
				GCC_NO_COMMON_BLOCKS = YES;
				GCC_WARN_64_TO_32_BIT_CONVERSION = YES;
				GCC_WARN_ABOUT_RETURN_TYPE = YES_ERROR;
				GCC_WARN_UNDECLARED_SELECTOR = YES;
				GCC_WARN_UNINITIALIZED_AUTOS = YES_AGGRESSIVE;
				GCC_WARN_UNUSED_FUNCTION = YES;
				GCC_WARN_UNUSED_VARIABLE = YES;
				IPHONEOS_DEPLOYMENT_TARGET = 8.3;
				MTL_ENABLE_DEBUG_INFO = NO;
				SDKROOT = iphoneos;
				VALIDATE_PRODUCT = YES;
			};
			name = Release;
		};
		CB7523671B157B7900AA670D /* Debug */ = {
			isa = XCBuildConfiguration;
			buildSettings = {
				ASSETCATALOG_COMPILER_APPICON_NAME = AppIcon;
				INFOPLIST_FILE = LeanCloud_Demo/Info.plist;
				LD_RUNPATH_SEARCH_PATHS = "$(inherited) @executable_path/Frameworks";
				PRODUCT_NAME = "$(TARGET_NAME)";
			};
			name = Debug;
		};
		CB7523681B157B7900AA670D /* Release */ = {
			isa = XCBuildConfiguration;
			buildSettings = {
				ASSETCATALOG_COMPILER_APPICON_NAME = AppIcon;
				INFOPLIST_FILE = LeanCloud_Demo/Info.plist;
				LD_RUNPATH_SEARCH_PATHS = "$(inherited) @executable_path/Frameworks";
				PRODUCT_NAME = "$(TARGET_NAME)";
			};
			name = Release;
		};
		CB75236A1B157B7900AA670D /* Debug */ = {
			isa = XCBuildConfiguration;
			buildSettings = {
				BUNDLE_LOADER = "$(TEST_HOST)";
				FRAMEWORK_SEARCH_PATHS = (
					"$(SDKROOT)/Developer/Library/Frameworks",
					"$(inherited)",
				);
				GCC_PREPROCESSOR_DEFINITIONS = (
					"DEBUG=1",
					"$(inherited)",
				);
				INFOPLIST_FILE = LeanCloud_DemoTests/Info.plist;
				LD_RUNPATH_SEARCH_PATHS = "$(inherited) @executable_path/Frameworks @loader_path/Frameworks";
				PRODUCT_NAME = "$(TARGET_NAME)";
				TEST_HOST = "$(BUILT_PRODUCTS_DIR)/LeanCloud_Demo.app/LeanCloud_Demo";
			};
			name = Debug;
		};
		CB75236B1B157B7900AA670D /* Release */ = {
			isa = XCBuildConfiguration;
			buildSettings = {
				BUNDLE_LOADER = "$(TEST_HOST)";
				FRAMEWORK_SEARCH_PATHS = (
					"$(SDKROOT)/Developer/Library/Frameworks",
					"$(inherited)",
				);
				INFOPLIST_FILE = LeanCloud_DemoTests/Info.plist;
				LD_RUNPATH_SEARCH_PATHS = "$(inherited) @executable_path/Frameworks @loader_path/Frameworks";
				PRODUCT_NAME = "$(TARGET_NAME)";
				TEST_HOST = "$(BUILT_PRODUCTS_DIR)/LeanCloud_Demo.app/LeanCloud_Demo";
			};
			name = Release;
		};
/* End XCBuildConfiguration section */

/* Begin XCConfigurationList section */
		CB75233E1B157B7900AA670D /* Build configuration list for PBXProject "LeanCloud_Demo" */ = {
			isa = XCConfigurationList;
			buildConfigurations = (
				CB7523641B157B7900AA670D /* Debug */,
				CB7523651B157B7900AA670D /* Release */,
			);
			defaultConfigurationIsVisible = 0;
			defaultConfigurationName = Release;
		};
		CB7523661B157B7900AA670D /* Build configuration list for PBXNativeTarget "LeanCloud_Demo" */ = {
			isa = XCConfigurationList;
			buildConfigurations = (
				CB7523671B157B7900AA670D /* Debug */,
				CB7523681B157B7900AA670D /* Release */,
			);
			defaultConfigurationIsVisible = 0;
		};
		CB7523691B157B7900AA670D /* Build configuration list for PBXNativeTarget "LeanCloud_DemoTests" */ = {
			isa = XCConfigurationList;
			buildConfigurations = (
				CB75236A1B157B7900AA670D /* Debug */,
				CB75236B1B157B7900AA670D /* Release */,
			);
			defaultConfigurationIsVisible = 0;
		};
/* End XCConfigurationList section */
	};
	rootObject = CB75233B1B157B7900AA670D /* Project object */;
}
